// !$*UTF8*$!
{
	archiveVersion = 1;
	classes = {
	};
	objectVersion = 51;
	objects = {

/* Begin PBXBuildFile section */
		183DC2C0261C15FC003601D7 /* ShowDialogAction.swift in Sources */ = {isa = PBXBuildFile; fileRef = 183DC2BF261C15FC003601D7 /* ShowDialogAction.swift */; };
		183DC2C4261C1701003601D7 /* DialogLanguageViewController.swift in Sources */ = {isa = PBXBuildFile; fileRef = 183DC2C3261C1701003601D7 /* DialogLanguageViewController.swift */; };
		18B7050B261DA7030023F1DC /* ChartViewController.swift in Sources */ = {isa = PBXBuildFile; fileRef = 18B70509261DA7030023F1DC /* ChartViewController.swift */; };
		18B7050C261DA7030023F1DC /* ChartViewController.xib in Resources */ = {isa = PBXBuildFile; fileRef = 18B7050A261DA7030023F1DC /* ChartViewController.xib */; };
		18FE2DF2261C3D1700953723 /* DismissDialogAction.swift in Sources */ = {isa = PBXBuildFile; fileRef = 18FE2DF1261C3D1700953723 /* DismissDialogAction.swift */; };
		18FE2DF5261C4F9E00953723 /* ShowBottomSheetAction.swift in Sources */ = {isa = PBXBuildFile; fileRef = 18FE2DF4261C4F9E00953723 /* ShowBottomSheetAction.swift */; };
		18FE2DF8261C4FF900953723 /* BottomSheetViewController.swift in Sources */ = {isa = PBXBuildFile; fileRef = 18FE2DF7261C4FF900953723 /* BottomSheetViewController.swift */; };
		3737BC382615BC8700759DC3 /* SessionAppManager.swift in Sources */ = {isa = PBXBuildFile; fileRef = 3737BC372615BC8700759DC3 /* SessionAppManager.swift */; };
		3737BC3B2615BC9200759DC3 /* AppConstants.swift in Sources */ = {isa = PBXBuildFile; fileRef = 3737BC3A2615BC9200759DC3 /* AppConstants.swift */; };
		3737BC3E2615BC9F00759DC3 /* BaseViewController.swift in Sources */ = {isa = PBXBuildFile; fileRef = 3737BC3D2615BC9F00759DC3 /* BaseViewController.swift */; };
		3737BC412615BCAB00759DC3 /* CommonEntity.swift in Sources */ = {isa = PBXBuildFile; fileRef = 3737BC402615BCAB00759DC3 /* CommonEntity.swift */; };
		3737BC452615BCC800759DC3 /* BaseAPI.swift in Sources */ = {isa = PBXBuildFile; fileRef = 3737BC442615BCC800759DC3 /* BaseAPI.swift */; };
		3737BC482615BCD300759DC3 /* Urls.swift in Sources */ = {isa = PBXBuildFile; fileRef = 3737BC472615BCD300759DC3 /* Urls.swift */; };
		3737BC4B2615BE3600759DC3 /* GetBottomAPI.swift in Sources */ = {isa = PBXBuildFile; fileRef = 3737BC4A2615BE3600759DC3 /* GetBottomAPI.swift */; };
		3737BC4E2615BE5B00759DC3 /* BottomViewEntity.swift in Sources */ = {isa = PBXBuildFile; fileRef = 3737BC4D2615BE5B00759DC3 /* BottomViewEntity.swift */; };
		3737BC532615BECC00759DC3 /* BaseViewModel.swift in Sources */ = {isa = PBXBuildFile; fileRef = 3737BC522615BECC00759DC3 /* BaseViewModel.swift */; };
		3737BC562615BEE600759DC3 /* BaseTabBarController.swift in Sources */ = {isa = PBXBuildFile; fileRef = 3737BC552615BEE600759DC3 /* BaseTabBarController.swift */; };
		3737BC5A2615BF4200759DC3 /* MainTabBarController.swift in Sources */ = {isa = PBXBuildFile; fileRef = 3737BC582615BF4200759DC3 /* MainTabBarController.swift */; };
		3737BC5B2615BF4200759DC3 /* MainTabBarController.xib in Resources */ = {isa = PBXBuildFile; fileRef = 3737BC592615BF4200759DC3 /* MainTabBarController.xib */; };
		3737BC5F2615BF7D00759DC3 /* WidgetRepository.swift in Sources */ = {isa = PBXBuildFile; fileRef = 3737BC5E2615BF7D00759DC3 /* WidgetRepository.swift */; };
		3737BC622615BFA200759DC3 /* UseCase.swift in Sources */ = {isa = PBXBuildFile; fileRef = 3737BC612615BFA200759DC3 /* UseCase.swift */; };
		3737BC652615C01000759DC3 /* WidgetRepositoryImplement.swift in Sources */ = {isa = PBXBuildFile; fileRef = 3737BC642615C01000759DC3 /* WidgetRepositoryImplement.swift */; };
		3737BC682615C03C00759DC3 /* GetBottomViewUseCase.swift in Sources */ = {isa = PBXBuildFile; fileRef = 3737BC672615C03C00759DC3 /* GetBottomViewUseCase.swift */; };
		3737BC6C2615C08600759DC3 /* MainTabBarViewModel.swift in Sources */ = {isa = PBXBuildFile; fileRef = 3737BC6B2615C08600759DC3 /* MainTabBarViewModel.swift */; };
		3737BC712615C0D500759DC3 /* UIColorExtensions.swift in Sources */ = {isa = PBXBuildFile; fileRef = 3737BC702615C0D500759DC3 /* UIColorExtensions.swift */; };
		3756E336261BEE0800280EF9 /* OpenDateRangePicker.swift in Sources */ = {isa = PBXBuildFile; fileRef = 3756E335261BEE0800280EF9 /* OpenDateRangePicker.swift */; };
		3756E33D261BF3C200280EF9 /* TimeRangeViewController.swift in Sources */ = {isa = PBXBuildFile; fileRef = 3756E339261BF3C200280EF9 /* TimeRangeViewController.swift */; };
		3756E33E261BF3C200280EF9 /* DayLabel.swift in Sources */ = {isa = PBXBuildFile; fileRef = 3756E33A261BF3C200280EF9 /* DayLabel.swift */; };
		3756E33F261BF3C200280EF9 /* DayRangeIndicatorView.swift in Sources */ = {isa = PBXBuildFile; fileRef = 3756E33B261BF3C200280EF9 /* DayRangeIndicatorView.swift */; };
		3756E340261BF3C200280EF9 /* DayView.swift in Sources */ = {isa = PBXBuildFile; fileRef = 3756E33C261BF3C200280EF9 /* DayView.swift */; };
		37ADF5C326184CD5006ACBF8 /* OpenSideMenuViewController.swift in Sources */ = {isa = PBXBuildFile; fileRef = 37ADF5C226184CD5006ACBF8 /* OpenSideMenuViewController.swift */; };
		37ADF5D7261855FD006ACBF8 /* OpenTimeRangeSelector.swift in Sources */ = {isa = PBXBuildFile; fileRef = 37ADF5D6261855FD006ACBF8 /* OpenTimeRangeSelector.swift */; };
		37BAC0572617069F00D78844 /* BeagleTitleStyle.swift in Sources */ = {isa = PBXBuildFile; fileRef = 37BAC0562617069F00D78844 /* BeagleTitleStyle.swift */; };
		37F0769A2615B80E00A9E444 /* AppDelegate.swift in Sources */ = {isa = PBXBuildFile; fileRef = 37F076992615B80E00A9E444 /* AppDelegate.swift */; };
		37F0769C2615B80E00A9E444 /* SceneDelegate.swift in Sources */ = {isa = PBXBuildFile; fileRef = 37F0769B2615B80E00A9E444 /* SceneDelegate.swift */; };
		37F0769E2615B80E00A9E444 /* ViewController.swift in Sources */ = {isa = PBXBuildFile; fileRef = 37F0769D2615B80E00A9E444 /* ViewController.swift */; };
		37F076A12615B80E00A9E444 /* Main.storyboard in Resources */ = {isa = PBXBuildFile; fileRef = 37F0769F2615B80E00A9E444 /* Main.storyboard */; };
		37F076A32615B80F00A9E444 /* Assets.xcassets in Resources */ = {isa = PBXBuildFile; fileRef = 37F076A22615B80F00A9E444 /* Assets.xcassets */; };
		37F076A62615B80F00A9E444 /* LaunchScreen.storyboard in Resources */ = {isa = PBXBuildFile; fileRef = 37F076A42615B80F00A9E444 /* LaunchScreen.storyboard */; };
		94D843943D8143E56AC086D0 /* Pods_DemoBeagleApp.framework in Frameworks */ = {isa = PBXBuildFile; fileRef = 55001492D82B8A659D120496 /* Pods_DemoBeagleApp.framework */; };
/* End PBXBuildFile section */

/* Begin PBXFileReference section */
		183DC2BF261C15FC003601D7 /* ShowDialogAction.swift */ = {isa = PBXFileReference; lastKnownFileType = sourcecode.swift; path = ShowDialogAction.swift; sourceTree = "<group>"; };
		183DC2C3261C1701003601D7 /* DialogLanguageViewController.swift */ = {isa = PBXFileReference; lastKnownFileType = sourcecode.swift; path = DialogLanguageViewController.swift; sourceTree = "<group>"; };
		18B70509261DA7030023F1DC /* ChartViewController.swift */ = {isa = PBXFileReference; lastKnownFileType = sourcecode.swift; path = ChartViewController.swift; sourceTree = "<group>"; };
		18B7050A261DA7030023F1DC /* ChartViewController.xib */ = {isa = PBXFileReference; lastKnownFileType = file.xib; path = ChartViewController.xib; sourceTree = "<group>"; };
		18FE2DF1261C3D1700953723 /* DismissDialogAction.swift */ = {isa = PBXFileReference; lastKnownFileType = sourcecode.swift; path = DismissDialogAction.swift; sourceTree = "<group>"; };
		18FE2DF4261C4F9E00953723 /* ShowBottomSheetAction.swift */ = {isa = PBXFileReference; lastKnownFileType = sourcecode.swift; path = ShowBottomSheetAction.swift; sourceTree = "<group>"; };
		18FE2DF7261C4FF900953723 /* BottomSheetViewController.swift */ = {isa = PBXFileReference; lastKnownFileType = sourcecode.swift; path = BottomSheetViewController.swift; sourceTree = "<group>"; };
		3737BC372615BC8700759DC3 /* SessionAppManager.swift */ = {isa = PBXFileReference; fileEncoding = 4; lastKnownFileType = sourcecode.swift; path = SessionAppManager.swift; sourceTree = "<group>"; };
		3737BC3A2615BC9200759DC3 /* AppConstants.swift */ = {isa = PBXFileReference; fileEncoding = 4; lastKnownFileType = sourcecode.swift; path = AppConstants.swift; sourceTree = "<group>"; };
		3737BC3D2615BC9F00759DC3 /* BaseViewController.swift */ = {isa = PBXFileReference; fileEncoding = 4; lastKnownFileType = sourcecode.swift; path = BaseViewController.swift; sourceTree = "<group>"; };
		3737BC402615BCAB00759DC3 /* CommonEntity.swift */ = {isa = PBXFileReference; fileEncoding = 4; lastKnownFileType = sourcecode.swift; path = CommonEntity.swift; sourceTree = "<group>"; };
		3737BC442615BCC800759DC3 /* BaseAPI.swift */ = {isa = PBXFileReference; fileEncoding = 4; lastKnownFileType = sourcecode.swift; path = BaseAPI.swift; sourceTree = "<group>"; };
		3737BC472615BCD300759DC3 /* Urls.swift */ = {isa = PBXFileReference; lastKnownFileType = sourcecode.swift; path = Urls.swift; sourceTree = "<group>"; };
		3737BC4A2615BE3600759DC3 /* GetBottomAPI.swift */ = {isa = PBXFileReference; lastKnownFileType = sourcecode.swift; path = GetBottomAPI.swift; sourceTree = "<group>"; };
		3737BC4D2615BE5B00759DC3 /* BottomViewEntity.swift */ = {isa = PBXFileReference; lastKnownFileType = sourcecode.swift; path = BottomViewEntity.swift; sourceTree = "<group>"; };
		3737BC522615BECC00759DC3 /* BaseViewModel.swift */ = {isa = PBXFileReference; lastKnownFileType = sourcecode.swift; path = BaseViewModel.swift; sourceTree = "<group>"; };
		3737BC552615BEE600759DC3 /* BaseTabBarController.swift */ = {isa = PBXFileReference; lastKnownFileType = sourcecode.swift; path = BaseTabBarController.swift; sourceTree = "<group>"; };
		3737BC582615BF4200759DC3 /* MainTabBarController.swift */ = {isa = PBXFileReference; lastKnownFileType = sourcecode.swift; path = MainTabBarController.swift; sourceTree = "<group>"; };
		3737BC592615BF4200759DC3 /* MainTabBarController.xib */ = {isa = PBXFileReference; lastKnownFileType = file.xib; path = MainTabBarController.xib; sourceTree = "<group>"; };
		3737BC5E2615BF7D00759DC3 /* WidgetRepository.swift */ = {isa = PBXFileReference; lastKnownFileType = sourcecode.swift; path = WidgetRepository.swift; sourceTree = "<group>"; };
		3737BC612615BFA200759DC3 /* UseCase.swift */ = {isa = PBXFileReference; lastKnownFileType = sourcecode.swift; path = UseCase.swift; sourceTree = "<group>"; };
		3737BC642615C01000759DC3 /* WidgetRepositoryImplement.swift */ = {isa = PBXFileReference; lastKnownFileType = sourcecode.swift; path = WidgetRepositoryImplement.swift; sourceTree = "<group>"; };
		3737BC672615C03C00759DC3 /* GetBottomViewUseCase.swift */ = {isa = PBXFileReference; lastKnownFileType = sourcecode.swift; path = GetBottomViewUseCase.swift; sourceTree = "<group>"; };
		3737BC6B2615C08600759DC3 /* MainTabBarViewModel.swift */ = {isa = PBXFileReference; lastKnownFileType = sourcecode.swift; path = MainTabBarViewModel.swift; sourceTree = "<group>"; };
		3737BC702615C0D500759DC3 /* UIColorExtensions.swift */ = {isa = PBXFileReference; lastKnownFileType = sourcecode.swift; path = UIColorExtensions.swift; sourceTree = "<group>"; };
		3756E335261BEE0800280EF9 /* OpenDateRangePicker.swift */ = {isa = PBXFileReference; lastKnownFileType = sourcecode.swift; path = OpenDateRangePicker.swift; sourceTree = "<group>"; };
		3756E339261BF3C200280EF9 /* TimeRangeViewController.swift */ = {isa = PBXFileReference; fileEncoding = 4; lastKnownFileType = sourcecode.swift; path = TimeRangeViewController.swift; sourceTree = "<group>"; };
		3756E33A261BF3C200280EF9 /* DayLabel.swift */ = {isa = PBXFileReference; fileEncoding = 4; lastKnownFileType = sourcecode.swift; path = DayLabel.swift; sourceTree = "<group>"; };
		3756E33B261BF3C200280EF9 /* DayRangeIndicatorView.swift */ = {isa = PBXFileReference; fileEncoding = 4; lastKnownFileType = sourcecode.swift; path = DayRangeIndicatorView.swift; sourceTree = "<group>"; };
		3756E33C261BF3C200280EF9 /* DayView.swift */ = {isa = PBXFileReference; fileEncoding = 4; lastKnownFileType = sourcecode.swift; path = DayView.swift; sourceTree = "<group>"; };
		37ADF5C226184CD5006ACBF8 /* OpenSideMenuViewController.swift */ = {isa = PBXFileReference; lastKnownFileType = sourcecode.swift; path = OpenSideMenuViewController.swift; sourceTree = "<group>"; };
		37ADF5D6261855FD006ACBF8 /* OpenTimeRangeSelector.swift */ = {isa = PBXFileReference; lastKnownFileType = sourcecode.swift; path = OpenTimeRangeSelector.swift; sourceTree = "<group>"; };
		37BAC0562617069F00D78844 /* BeagleTitleStyle.swift */ = {isa = PBXFileReference; lastKnownFileType = sourcecode.swift; path = BeagleTitleStyle.swift; sourceTree = "<group>"; };
		37F076962615B80E00A9E444 /* DemoBeagleApp.app */ = {isa = PBXFileReference; explicitFileType = wrapper.application; includeInIndex = 0; path = DemoBeagleApp.app; sourceTree = BUILT_PRODUCTS_DIR; };
		37F076992615B80E00A9E444 /* AppDelegate.swift */ = {isa = PBXFileReference; lastKnownFileType = sourcecode.swift; path = AppDelegate.swift; sourceTree = "<group>"; };
		37F0769B2615B80E00A9E444 /* SceneDelegate.swift */ = {isa = PBXFileReference; lastKnownFileType = sourcecode.swift; path = SceneDelegate.swift; sourceTree = "<group>"; };
		37F0769D2615B80E00A9E444 /* ViewController.swift */ = {isa = PBXFileReference; lastKnownFileType = sourcecode.swift; path = ViewController.swift; sourceTree = "<group>"; };
		37F076A02615B80E00A9E444 /* Base */ = {isa = PBXFileReference; lastKnownFileType = file.storyboard; name = Base; path = Base.lproj/Main.storyboard; sourceTree = "<group>"; };
		37F076A22615B80F00A9E444 /* Assets.xcassets */ = {isa = PBXFileReference; lastKnownFileType = folder.assetcatalog; path = Assets.xcassets; sourceTree = "<group>"; };
		37F076A52615B80F00A9E444 /* Base */ = {isa = PBXFileReference; lastKnownFileType = file.storyboard; name = Base; path = Base.lproj/LaunchScreen.storyboard; sourceTree = "<group>"; };
		37F076A72615B80F00A9E444 /* Info.plist */ = {isa = PBXFileReference; lastKnownFileType = text.plist.xml; path = Info.plist; sourceTree = "<group>"; };
		55001492D82B8A659D120496 /* Pods_DemoBeagleApp.framework */ = {isa = PBXFileReference; explicitFileType = wrapper.framework; includeInIndex = 0; path = Pods_DemoBeagleApp.framework; sourceTree = BUILT_PRODUCTS_DIR; };
		D309290F011C029EDF941070 /* Pods-DemoBeagleApp.release.xcconfig */ = {isa = PBXFileReference; includeInIndex = 1; lastKnownFileType = text.xcconfig; name = "Pods-DemoBeagleApp.release.xcconfig"; path = "Target Support Files/Pods-DemoBeagleApp/Pods-DemoBeagleApp.release.xcconfig"; sourceTree = "<group>"; };
		FDDE4B37C11A9290B7F5FC4A /* Pods-DemoBeagleApp.debug.xcconfig */ = {isa = PBXFileReference; includeInIndex = 1; lastKnownFileType = text.xcconfig; name = "Pods-DemoBeagleApp.debug.xcconfig"; path = "Target Support Files/Pods-DemoBeagleApp/Pods-DemoBeagleApp.debug.xcconfig"; sourceTree = "<group>"; };
/* End PBXFileReference section */

/* Begin PBXFrameworksBuildPhase section */
		37F076932615B80E00A9E444 /* Frameworks */ = {
			isa = PBXFrameworksBuildPhase;
			buildActionMask = 2147483647;
			files = (
				94D843943D8143E56AC086D0 /* Pods_DemoBeagleApp.framework in Frameworks */,
			);
			runOnlyForDeploymentPostprocessing = 0;
		};
/* End PBXFrameworksBuildPhase section */

/* Begin PBXGroup section */
		02DA1DBA3CC7FB06C66F6321 /* Pods */ = {
			isa = PBXGroup;
			children = (
				FDDE4B37C11A9290B7F5FC4A /* Pods-DemoBeagleApp.debug.xcconfig */,
				D309290F011C029EDF941070 /* Pods-DemoBeagleApp.release.xcconfig */,
			);
			path = Pods;
			sourceTree = "<group>";
		};
		183DC2C2261C16EB003601D7 /* Dialog */ = {
			isa = PBXGroup;
			children = (
				183DC2C3261C1701003601D7 /* DialogLanguageViewController.swift */,
				18FE2DF7261C4FF900953723 /* BottomSheetViewController.swift */,
			);
			path = Dialog;
			sourceTree = "<group>";
		};
		18B704EF261DA6080023F1DC /* ChartViewController */ = {
			isa = PBXGroup;
			children = (
				18B70509261DA7030023F1DC /* ChartViewController.swift */,
				18B7050A261DA7030023F1DC /* ChartViewController.xib */,
			);
			path = ChartViewController;
			sourceTree = "<group>";
		};
		23A7282D120DA435498DBD10 /* Frameworks */ = {
			isa = PBXGroup;
			children = (
				55001492D82B8A659D120496 /* Pods_DemoBeagleApp.framework */,
			);
			name = Frameworks;
			sourceTree = "<group>";
		};
		3737BC272615BBC500759DC3 /* Data */ = {
			isa = PBXGroup;
			children = (
				3737BC342615BC4D00759DC3 /* Repository */,
				3737BC332615BC4700759DC3 /* Entity */,
			);
			path = Data;
			sourceTree = "<group>";
		};
		3737BC282615BBCE00759DC3 /* Domain */ = {
			isa = PBXGroup;
			children = (
				3737BC362615BC5C00759DC3 /* UseCase */,
				3737BC352615BC5500759DC3 /* Repository */,
			);
			path = Domain;
			sourceTree = "<group>";
		};
		3737BC292615BBD300759DC3 /* Presentation */ = {
			isa = PBXGroup;
			children = (
				3737BC512615BEC200759DC3 /* View */,
				3737BC502615BEBC00759DC3 /* ViewModel */,
				3737BC2E2615BBFD00759DC3 /* Controller */,
				3737BC2D2615BBEE00759DC3 /* Storyboard */,
			);
			path = Presentation;
			sourceTree = "<group>";
		};
		3737BC2A2615BBDA00759DC3 /* Service */ = {
			isa = PBXGroup;
			children = (
				3737BC322615BC4100759DC3 /* API */,
				3737BC312615BC3B00759DC3 /* Manager */,
			);
			path = Service;
			sourceTree = "<group>";
		};
		3737BC2B2615BBE000759DC3 /* Support */ = {
			isa = PBXGroup;
			children = (
				37ADF5C126184CA2006ACBF8 /* CustomBeagleAction */,
				37BAC0552617068900D78844 /* CustomBeagleStyle */,
				3737BC6F2615C0C400759DC3 /* Extension */,
				3737BC3A2615BC9200759DC3 /* AppConstants.swift */,
				3737BC472615BCD300759DC3 /* Urls.swift */,
			);
			path = Support;
			sourceTree = "<group>";
		};
		3737BC2C2615BBE600759DC3 /* Resouce */ = {
			isa = PBXGroup;
			children = (
				37F076A22615B80F00A9E444 /* Assets.xcassets */,
			);
			path = Resouce;
			sourceTree = "<group>";
		};
		3737BC2D2615BBEE00759DC3 /* Storyboard */ = {
			isa = PBXGroup;
			children = (
				37F076A42615B80F00A9E444 /* LaunchScreen.storyboard */,
				37F0769F2615B80E00A9E444 /* Main.storyboard */,
			);
			path = Storyboard;
			sourceTree = "<group>";
		};
		3737BC2E2615BBFD00759DC3 /* Controller */ = {
			isa = PBXGroup;
			children = (
				18B704EF261DA6080023F1DC /* ChartViewController */,
				183DC2C2261C16EB003601D7 /* Dialog */,
				3737BC3D2615BC9F00759DC3 /* BaseViewController.swift */,
				3737BC552615BEE600759DC3 /* BaseTabBarController.swift */,
				3737BC302615BC0A00759DC3 /* TabBar */,
				3737BC2F2615BC0500759DC3 /* Main */,
			);
			path = Controller;
			sourceTree = "<group>";
		};
		3737BC2F2615BC0500759DC3 /* Main */ = {
			isa = PBXGroup;
			children = (
				37F0769D2615B80E00A9E444 /* ViewController.swift */,
			);
			path = Main;
			sourceTree = "<group>";
		};
		3737BC302615BC0A00759DC3 /* TabBar */ = {
			isa = PBXGroup;
			children = (
				3737BC582615BF4200759DC3 /* MainTabBarController.swift */,
				3737BC592615BF4200759DC3 /* MainTabBarController.xib */,
			);
			path = TabBar;
			sourceTree = "<group>";
		};
		3737BC312615BC3B00759DC3 /* Manager */ = {
			isa = PBXGroup;
			children = (
				3737BC372615BC8700759DC3 /* SessionAppManager.swift */,
			);
			path = Manager;
			sourceTree = "<group>";
		};
		3737BC322615BC4100759DC3 /* API */ = {
			isa = PBXGroup;
			children = (
				3737BC442615BCC800759DC3 /* BaseAPI.swift */,
				3737BC4A2615BE3600759DC3 /* GetBottomAPI.swift */,
			);
			path = API;
			sourceTree = "<group>";
		};
		3737BC332615BC4700759DC3 /* Entity */ = {
			isa = PBXGroup;
			children = (
				3737BC402615BCAB00759DC3 /* CommonEntity.swift */,
				3737BC4D2615BE5B00759DC3 /* BottomViewEntity.swift */,
			);
			path = Entity;
			sourceTree = "<group>";
		};
		3737BC342615BC4D00759DC3 /* Repository */ = {
			isa = PBXGroup;
			children = (
				3737BC642615C01000759DC3 /* WidgetRepositoryImplement.swift */,
			);
			path = Repository;
			sourceTree = "<group>";
		};
		3737BC352615BC5500759DC3 /* Repository */ = {
			isa = PBXGroup;
			children = (
				3737BC5E2615BF7D00759DC3 /* WidgetRepository.swift */,
			);
			path = Repository;
			sourceTree = "<group>";
		};
		3737BC362615BC5C00759DC3 /* UseCase */ = {
			isa = PBXGroup;
			children = (
				3737BC612615BFA200759DC3 /* UseCase.swift */,
				3737BC672615C03C00759DC3 /* GetBottomViewUseCase.swift */,
			);
			path = UseCase;
			sourceTree = "<group>";
		};
		3737BC502615BEBC00759DC3 /* ViewModel */ = {
			isa = PBXGroup;
			children = (
				3737BC6A2615C07200759DC3 /* TabBar */,
				3737BC522615BECC00759DC3 /* BaseViewModel.swift */,
			);
			path = ViewModel;
			sourceTree = "<group>";
		};
		3737BC512615BEC200759DC3 /* View */ = {
			isa = PBXGroup;
			children = (
				3756E338261BF3C200280EF9 /* TimeRange */,
			);
			path = View;
			sourceTree = "<group>";
		};
		3737BC6A2615C07200759DC3 /* TabBar */ = {
			isa = PBXGroup;
			children = (
				3737BC6B2615C08600759DC3 /* MainTabBarViewModel.swift */,
			);
			path = TabBar;
			sourceTree = "<group>";
		};
		3737BC6F2615C0C400759DC3 /* Extension */ = {
			isa = PBXGroup;
			children = (
				3737BC702615C0D500759DC3 /* UIColorExtensions.swift */,
			);
			path = Extension;
			sourceTree = "<group>";
		};
		3756E338261BF3C200280EF9 /* TimeRange */ = {
			isa = PBXGroup;
			children = (
				3756E339261BF3C200280EF9 /* TimeRangeViewController.swift */,
				3756E33A261BF3C200280EF9 /* DayLabel.swift */,
				3756E33B261BF3C200280EF9 /* DayRangeIndicatorView.swift */,
				3756E33C261BF3C200280EF9 /* DayView.swift */,
			);
			path = TimeRange;
			sourceTree = "<group>";
		};
		37ADF5C126184CA2006ACBF8 /* CustomBeagleAction */ = {
			isa = PBXGroup;
			children = (
				37ADF5C226184CD5006ACBF8 /* OpenSideMenuViewController.swift */,
				183DC2BF261C15FC003601D7 /* ShowDialogAction.swift */,
				18FE2DF1261C3D1700953723 /* DismissDialogAction.swift */,
				18FE2DF4261C4F9E00953723 /* ShowBottomSheetAction.swift */,
				37ADF5D6261855FD006ACBF8 /* OpenTimeRangeSelector.swift */,
				3756E335261BEE0800280EF9 /* OpenDateRangePicker.swift */,
			);
			path = CustomBeagleAction;
			sourceTree = "<group>";
		};
		37BAC0552617068900D78844 /* CustomBeagleStyle */ = {
			isa = PBXGroup;
			children = (
				37BAC0562617069F00D78844 /* BeagleTitleStyle.swift */,
			);
			path = CustomBeagleStyle;
			sourceTree = "<group>";
		};
		37F0768D2615B80E00A9E444 = {
			isa = PBXGroup;
			children = (
				37F076982615B80E00A9E444 /* DemoBeagleApp */,
				37F076972615B80E00A9E444 /* Products */,
				02DA1DBA3CC7FB06C66F6321 /* Pods */,
				23A7282D120DA435498DBD10 /* Frameworks */,
			);
			sourceTree = "<group>";
		};
		37F076972615B80E00A9E444 /* Products */ = {
			isa = PBXGroup;
			children = (
				37F076962615B80E00A9E444 /* DemoBeagleApp.app */,
			);
			name = Products;
			sourceTree = "<group>";
		};
		37F076982615B80E00A9E444 /* DemoBeagleApp */ = {
			isa = PBXGroup;
			children = (
				3737BC2C2615BBE600759DC3 /* Resouce */,
				3737BC2B2615BBE000759DC3 /* Support */,
				3737BC2A2615BBDA00759DC3 /* Service */,
				3737BC292615BBD300759DC3 /* Presentation */,
				3737BC282615BBCE00759DC3 /* Domain */,
				3737BC272615BBC500759DC3 /* Data */,
				37F076992615B80E00A9E444 /* AppDelegate.swift */,
				37F0769B2615B80E00A9E444 /* SceneDelegate.swift */,
				37F076A72615B80F00A9E444 /* Info.plist */,
			);
			path = DemoBeagleApp;
			sourceTree = "<group>";
		};
/* End PBXGroup section */

/* Begin PBXNativeTarget section */
		37F076952615B80E00A9E444 /* DemoBeagleApp */ = {
			isa = PBXNativeTarget;
			buildConfigurationList = 37F076AA2615B80F00A9E444 /* Build configuration list for PBXNativeTarget "DemoBeagleApp" */;
			buildPhases = (
				5F87B4A94CCC39DA66713213 /* [CP] Check Pods Manifest.lock */,
				37F076922615B80E00A9E444 /* Sources */,
				37F076932615B80E00A9E444 /* Frameworks */,
				37F076942615B80E00A9E444 /* Resources */,
				DD3B35383954943FEC74AF90 /* [CP] Embed Pods Frameworks */,
			);
			buildRules = (
			);
			dependencies = (
			);
			name = DemoBeagleApp;
			productName = DemoBeagleApp;
			productReference = 37F076962615B80E00A9E444 /* DemoBeagleApp.app */;
			productType = "com.apple.product-type.application";
		};
/* End PBXNativeTarget section */

/* Begin PBXProject section */
		37F0768E2615B80E00A9E444 /* Project object */ = {
			isa = PBXProject;
			attributes = {
				LastSwiftUpdateCheck = 1220;
				LastUpgradeCheck = 1220;
				TargetAttributes = {
					37F076952615B80E00A9E444 = {
						CreatedOnToolsVersion = 12.2;
					};
				};
			};
			buildConfigurationList = 37F076912615B80E00A9E444 /* Build configuration list for PBXProject "DemoBeagleApp" */;
			compatibilityVersion = "Xcode 9.3";
			developmentRegion = en;
			hasScannedForEncodings = 0;
			knownRegions = (
				en,
				Base,
			);
			mainGroup = 37F0768D2615B80E00A9E444;
			productRefGroup = 37F076972615B80E00A9E444 /* Products */;
			projectDirPath = "";
			projectRoot = "";
			targets = (
				37F076952615B80E00A9E444 /* DemoBeagleApp */,
			);
		};
/* End PBXProject section */

/* Begin PBXResourcesBuildPhase section */
		37F076942615B80E00A9E444 /* Resources */ = {
			isa = PBXResourcesBuildPhase;
			buildActionMask = 2147483647;
			files = (
				18B7050C261DA7030023F1DC /* ChartViewController.xib in Resources */,
				37F076A62615B80F00A9E444 /* LaunchScreen.storyboard in Resources */,
				37F076A32615B80F00A9E444 /* Assets.xcassets in Resources */,
				3737BC5B2615BF4200759DC3 /* MainTabBarController.xib in Resources */,
				37F076A12615B80E00A9E444 /* Main.storyboard in Resources */,
			);
			runOnlyForDeploymentPostprocessing = 0;
		};
/* End PBXResourcesBuildPhase section */

/* Begin PBXShellScriptBuildPhase section */
		5F87B4A94CCC39DA66713213 /* [CP] Check Pods Manifest.lock */ = {
			isa = PBXShellScriptBuildPhase;
			buildActionMask = 2147483647;
			files = (
			);
			inputFileListPaths = (
			);
			inputPaths = (
				"${PODS_PODFILE_DIR_PATH}/Podfile.lock",
				"${PODS_ROOT}/Manifest.lock",
			);
			name = "[CP] Check Pods Manifest.lock";
			outputFileListPaths = (
			);
			outputPaths = (
				"$(DERIVED_FILE_DIR)/Pods-DemoBeagleApp-checkManifestLockResult.txt",
			);
			runOnlyForDeploymentPostprocessing = 0;
			shellPath = /bin/sh;
			shellScript = "diff \"${PODS_PODFILE_DIR_PATH}/Podfile.lock\" \"${PODS_ROOT}/Manifest.lock\" > /dev/null\nif [ $? != 0 ] ; then\n    # print error to STDERR\n    echo \"error: The sandbox is not in sync with the Podfile.lock. Run 'pod install' or update your CocoaPods installation.\" >&2\n    exit 1\nfi\n# This output is used by Xcode 'outputs' to avoid re-running this script phase.\necho \"SUCCESS\" > \"${SCRIPT_OUTPUT_FILE_0}\"\n";
			showEnvVarsInLog = 0;
		};
		DD3B35383954943FEC74AF90 /* [CP] Embed Pods Frameworks */ = {
			isa = PBXShellScriptBuildPhase;
			buildActionMask = 2147483647;
			files = (
			);
			inputFileListPaths = (
				"${PODS_ROOT}/Target Support Files/Pods-DemoBeagleApp/Pods-DemoBeagleApp-frameworks-${CONFIGURATION}-input-files.xcfilelist",
			);
			name = "[CP] Embed Pods Frameworks";
			outputFileListPaths = (
				"${PODS_ROOT}/Target Support Files/Pods-DemoBeagleApp/Pods-DemoBeagleApp-frameworks-${CONFIGURATION}-output-files.xcfilelist",
			);
			runOnlyForDeploymentPostprocessing = 0;
			shellPath = /bin/sh;
			shellScript = "\"${PODS_ROOT}/Target Support Files/Pods-DemoBeagleApp/Pods-DemoBeagleApp-frameworks.sh\"\n";
			showEnvVarsInLog = 0;
		};
/* End PBXShellScriptBuildPhase section */

/* Begin PBXSourcesBuildPhase section */
		37F076922615B80E00A9E444 /* Sources */ = {
			isa = PBXSourcesBuildPhase;
			buildActionMask = 2147483647;
			files = (
				3737BC682615C03C00759DC3 /* GetBottomViewUseCase.swift in Sources */,
				3737BC4B2615BE3600759DC3 /* GetBottomAPI.swift in Sources */,
				3737BC622615BFA200759DC3 /* UseCase.swift in Sources */,
				18FE2DF5261C4F9E00953723 /* ShowBottomSheetAction.swift in Sources */,
				3737BC5F2615BF7D00759DC3 /* WidgetRepository.swift in Sources */,
				37BAC0572617069F00D78844 /* BeagleTitleStyle.swift in Sources */,
				37ADF5D7261855FD006ACBF8 /* OpenTimeRangeSelector.swift in Sources */,
				3737BC482615BCD300759DC3 /* Urls.swift in Sources */,
				3737BC652615C01000759DC3 /* WidgetRepositoryImplement.swift in Sources */,
				37F0769E2615B80E00A9E444 /* ViewController.swift in Sources */,
				3737BC712615C0D500759DC3 /* UIColorExtensions.swift in Sources */,
				37F0769A2615B80E00A9E444 /* AppDelegate.swift in Sources */,
				3737BC6C2615C08600759DC3 /* MainTabBarViewModel.swift in Sources */,
				3737BC412615BCAB00759DC3 /* CommonEntity.swift in Sources */,
				3737BC532615BECC00759DC3 /* BaseViewModel.swift in Sources */,
				18FE2DF2261C3D1700953723 /* DismissDialogAction.swift in Sources */,
				3737BC382615BC8700759DC3 /* SessionAppManager.swift in Sources */,
				3737BC4E2615BE5B00759DC3 /* BottomViewEntity.swift in Sources */,
				3756E33D261BF3C200280EF9 /* TimeRangeViewController.swift in Sources */,
				3756E33E261BF3C200280EF9 /* DayLabel.swift in Sources */,
				37F0769C2615B80E00A9E444 /* SceneDelegate.swift in Sources */,
				183DC2C4261C1701003601D7 /* DialogLanguageViewController.swift in Sources */,
				18FE2DF8261C4FF900953723 /* BottomSheetViewController.swift in Sources */,
				183DC2C0261C15FC003601D7 /* ShowDialogAction.swift in Sources */,
				37ADF5C326184CD5006ACBF8 /* OpenSideMenuViewController.swift in Sources */,
				18B7050B261DA7030023F1DC /* ChartViewController.swift in Sources */,
				3737BC452615BCC800759DC3 /* BaseAPI.swift in Sources */,
				3756E340261BF3C200280EF9 /* DayView.swift in Sources */,
				3737BC5A2615BF4200759DC3 /* MainTabBarController.swift in Sources */,
				3737BC562615BEE600759DC3 /* BaseTabBarController.swift in Sources */,
				3737BC3B2615BC9200759DC3 /* AppConstants.swift in Sources */,
				3737BC3E2615BC9F00759DC3 /* BaseViewController.swift in Sources */,
				3756E33F261BF3C200280EF9 /* DayRangeIndicatorView.swift in Sources */,
				3756E336261BEE0800280EF9 /* OpenDateRangePicker.swift in Sources */,
			);
			runOnlyForDeploymentPostprocessing = 0;
		};
/* End PBXSourcesBuildPhase section */

/* Begin PBXVariantGroup section */
		37F0769F2615B80E00A9E444 /* Main.storyboard */ = {
			isa = PBXVariantGroup;
			children = (
				37F076A02615B80E00A9E444 /* Base */,
			);
			name = Main.storyboard;
			sourceTree = "<group>";
		};
		37F076A42615B80F00A9E444 /* LaunchScreen.storyboard */ = {
			isa = PBXVariantGroup;
			children = (
				37F076A52615B80F00A9E444 /* Base */,
			);
			name = LaunchScreen.storyboard;
			sourceTree = "<group>";
		};
/* End PBXVariantGroup section */

/* Begin XCBuildConfiguration section */
		37F076A82615B80F00A9E444 /* Debug */ = {
			isa = XCBuildConfiguration;
			buildSettings = {
				ALWAYS_SEARCH_USER_PATHS = NO;
				CLANG_ANALYZER_NONNULL = YES;
				CLANG_ANALYZER_NUMBER_OBJECT_CONVERSION = YES_AGGRESSIVE;
				CLANG_CXX_LANGUAGE_STANDARD = "gnu++14";
				CLANG_CXX_LIBRARY = "libc++";
				CLANG_ENABLE_MODULES = YES;
				CLANG_ENABLE_OBJC_ARC = YES;
				CLANG_ENABLE_OBJC_WEAK = YES;
				CLANG_WARN_BLOCK_CAPTURE_AUTORELEASING = YES;
				CLANG_WARN_BOOL_CONVERSION = YES;
				CLANG_WARN_COMMA = YES;
				CLANG_WARN_CONSTANT_CONVERSION = YES;
				CLANG_WARN_DEPRECATED_OBJC_IMPLEMENTATIONS = YES;
				CLANG_WARN_DIRECT_OBJC_ISA_USAGE = YES_ERROR;
				CLANG_WARN_DOCUMENTATION_COMMENTS = YES;
				CLANG_WARN_EMPTY_BODY = YES;
				CLANG_WARN_ENUM_CONVERSION = YES;
				CLANG_WARN_INFINITE_RECURSION = YES;
				CLANG_WARN_INT_CONVERSION = YES;
				CLANG_WARN_NON_LITERAL_NULL_CONVERSION = YES;
				CLANG_WARN_OBJC_IMPLICIT_RETAIN_SELF = YES;
				CLANG_WARN_OBJC_LITERAL_CONVERSION = YES;
				CLANG_WARN_OBJC_ROOT_CLASS = YES_ERROR;
				CLANG_WARN_QUOTED_INCLUDE_IN_FRAMEWORK_HEADER = YES;
				CLANG_WARN_RANGE_LOOP_ANALYSIS = YES;
				CLANG_WARN_STRICT_PROTOTYPES = YES;
				CLANG_WARN_SUSPICIOUS_MOVE = YES;
				CLANG_WARN_UNGUARDED_AVAILABILITY = YES_AGGRESSIVE;
				CLANG_WARN_UNREACHABLE_CODE = YES;
				CLANG_WARN__DUPLICATE_METHOD_MATCH = YES;
				COPY_PHASE_STRIP = NO;
				DEBUG_INFORMATION_FORMAT = dwarf;
				ENABLE_STRICT_OBJC_MSGSEND = YES;
				ENABLE_TESTABILITY = YES;
				GCC_C_LANGUAGE_STANDARD = gnu11;
				GCC_DYNAMIC_NO_PIC = NO;
				GCC_NO_COMMON_BLOCKS = YES;
				GCC_OPTIMIZATION_LEVEL = 0;
				GCC_PREPROCESSOR_DEFINITIONS = (
					"DEBUG=1",
					"$(inherited)",
				);
				GCC_WARN_64_TO_32_BIT_CONVERSION = YES;
				GCC_WARN_ABOUT_RETURN_TYPE = YES_ERROR;
				GCC_WARN_UNDECLARED_SELECTOR = YES;
				GCC_WARN_UNINITIALIZED_AUTOS = YES_AGGRESSIVE;
				GCC_WARN_UNUSED_FUNCTION = YES;
				GCC_WARN_UNUSED_VARIABLE = YES;
				IPHONEOS_DEPLOYMENT_TARGET = 14.2;
				MTL_ENABLE_DEBUG_INFO = INCLUDE_SOURCE;
				MTL_FAST_MATH = YES;
				ONLY_ACTIVE_ARCH = YES;
				SDKROOT = iphoneos;
				SWIFT_ACTIVE_COMPILATION_CONDITIONS = DEBUG;
				SWIFT_OPTIMIZATION_LEVEL = "-Onone";
			};
			name = Debug;
		};
		37F076A92615B80F00A9E444 /* Release */ = {
			isa = XCBuildConfiguration;
			buildSettings = {
				ALWAYS_SEARCH_USER_PATHS = NO;
				CLANG_ANALYZER_NONNULL = YES;
				CLANG_ANALYZER_NUMBER_OBJECT_CONVERSION = YES_AGGRESSIVE;
				CLANG_CXX_LANGUAGE_STANDARD = "gnu++14";
				CLANG_CXX_LIBRARY = "libc++";
				CLANG_ENABLE_MODULES = YES;
				CLANG_ENABLE_OBJC_ARC = YES;
				CLANG_ENABLE_OBJC_WEAK = YES;
				CLANG_WARN_BLOCK_CAPTURE_AUTORELEASING = YES;
				CLANG_WARN_BOOL_CONVERSION = YES;
				CLANG_WARN_COMMA = YES;
				CLANG_WARN_CONSTANT_CONVERSION = YES;
				CLANG_WARN_DEPRECATED_OBJC_IMPLEMENTATIONS = YES;
				CLANG_WARN_DIRECT_OBJC_ISA_USAGE = YES_ERROR;
				CLANG_WARN_DOCUMENTATION_COMMENTS = YES;
				CLANG_WARN_EMPTY_BODY = YES;
				CLANG_WARN_ENUM_CONVERSION = YES;
				CLANG_WARN_INFINITE_RECURSION = YES;
				CLANG_WARN_INT_CONVERSION = YES;
				CLANG_WARN_NON_LITERAL_NULL_CONVERSION = YES;
				CLANG_WARN_OBJC_IMPLICIT_RETAIN_SELF = YES;
				CLANG_WARN_OBJC_LITERAL_CONVERSION = YES;
				CLANG_WARN_OBJC_ROOT_CLASS = YES_ERROR;
				CLANG_WARN_QUOTED_INCLUDE_IN_FRAMEWORK_HEADER = YES;
				CLANG_WARN_RANGE_LOOP_ANALYSIS = YES;
				CLANG_WARN_STRICT_PROTOTYPES = YES;
				CLANG_WARN_SUSPICIOUS_MOVE = YES;
				CLANG_WARN_UNGUARDED_AVAILABILITY = YES_AGGRESSIVE;
				CLANG_WARN_UNREACHABLE_CODE = YES;
				CLANG_WARN__DUPLICATE_METHOD_MATCH = YES;
				COPY_PHASE_STRIP = NO;
				DEBUG_INFORMATION_FORMAT = "dwarf-with-dsym";
				ENABLE_NS_ASSERTIONS = NO;
				ENABLE_STRICT_OBJC_MSGSEND = YES;
				GCC_C_LANGUAGE_STANDARD = gnu11;
				GCC_NO_COMMON_BLOCKS = YES;
				GCC_WARN_64_TO_32_BIT_CONVERSION = YES;
				GCC_WARN_ABOUT_RETURN_TYPE = YES_ERROR;
				GCC_WARN_UNDECLARED_SELECTOR = YES;
				GCC_WARN_UNINITIALIZED_AUTOS = YES_AGGRESSIVE;
				GCC_WARN_UNUSED_FUNCTION = YES;
				GCC_WARN_UNUSED_VARIABLE = YES;
				IPHONEOS_DEPLOYMENT_TARGET = 14.2;
				MTL_ENABLE_DEBUG_INFO = NO;
				MTL_FAST_MATH = YES;
				SDKROOT = iphoneos;
				SWIFT_COMPILATION_MODE = wholemodule;
				SWIFT_OPTIMIZATION_LEVEL = "-O";
				VALIDATE_PRODUCT = YES;
			};
			name = Release;
		};
		37F076AB2615B80F00A9E444 /* Debug */ = {
			isa = XCBuildConfiguration;
			baseConfigurationReference = FDDE4B37C11A9290B7F5FC4A /* Pods-DemoBeagleApp.debug.xcconfig */;
			buildSettings = {
				ASSETCATALOG_COMPILER_APPICON_NAME = AppIcon;
				ASSETCATALOG_COMPILER_GLOBAL_ACCENT_COLOR_NAME = AccentColor;
				CODE_SIGN_STYLE = Automatic;
				INFOPLIST_FILE = DemoBeagleApp/Info.plist;
				IPHONEOS_DEPLOYMENT_TARGET = 12.0;
				LD_RUNPATH_SEARCH_PATHS = (
					"$(inherited)",
					"@executable_path/Frameworks",
				);
				PRODUCT_BUNDLE_IDENTIFIER = com.minhmon.DemoBeagleApp;
				PRODUCT_NAME = "$(TARGET_NAME)";
				SWIFT_VERSION = 5.0;
				TARGETED_DEVICE_FAMILY = "1,2";
			};
			name = Debug;
		};
		37F076AC2615B80F00A9E444 /* Release */ = {
			isa = XCBuildConfiguration;
			baseConfigurationReference = D309290F011C029EDF941070 /* Pods-DemoBeagleApp.release.xcconfig */;
			buildSettings = {
				ASSETCATALOG_COMPILER_APPICON_NAME = AppIcon;
				ASSETCATALOG_COMPILER_GLOBAL_ACCENT_COLOR_NAME = AccentColor;
				CODE_SIGN_STYLE = Automatic;
				INFOPLIST_FILE = DemoBeagleApp/Info.plist;
				IPHONEOS_DEPLOYMENT_TARGET = 12.0;
				LD_RUNPATH_SEARCH_PATHS = (
					"$(inherited)",
					"@executable_path/Frameworks",
				);
				PRODUCT_BUNDLE_IDENTIFIER = com.minhmon.DemoBeagleApp;
				PRODUCT_NAME = "$(TARGET_NAME)";
				SWIFT_VERSION = 5.0;
				TARGETED_DEVICE_FAMILY = "1,2";
			};
			name = Release;
		};
/* End XCBuildConfiguration section */

/* Begin XCConfigurationList section */
		37F076912615B80E00A9E444 /* Build configuration list for PBXProject "DemoBeagleApp" */ = {
			isa = XCConfigurationList;
			buildConfigurations = (
				37F076A82615B80F00A9E444 /* Debug */,
				37F076A92615B80F00A9E444 /* Release */,
			);
			defaultConfigurationIsVisible = 0;
			defaultConfigurationName = Release;
		};
		37F076AA2615B80F00A9E444 /* Build configuration list for PBXNativeTarget "DemoBeagleApp" */ = {
			isa = XCConfigurationList;
			buildConfigurations = (
				37F076AB2615B80F00A9E444 /* Debug */,
				37F076AC2615B80F00A9E444 /* Release */,
			);
			defaultConfigurationIsVisible = 0;
			defaultConfigurationName = Release;
		};
/* End XCConfigurationList section */
	};
	rootObject = 37F0768E2615B80E00A9E444 /* Project object */;
}
